// !$*UTF8*$!
{
	archiveVersion = 1;
	classes = {
	};
	objectVersion = 46;
	objects = {

/* Begin PBXBuildFile section */
		4A2D68EB18EDD8F200E94FE3 /* bigint.cpp in Sources */ = {isa = PBXBuildFile; fileRef = 4A2D68E918EDD8F200E94FE3 /* bigint.cpp */; };
/* End PBXBuildFile section */

/* Begin PBXFileReference section */
		4A2D68DC18EDD8C100E94FE3 /* liblibbig.dylib */ = {isa = PBXFileReference; explicitFileType = "compiled.mach-o.dylib"; includeInIndex = 0; path = liblibbig.dylib; sourceTree = BUILT_PRODUCTS_DIR; };
		4A2D68E918EDD8F200E94FE3 /* bigint.cpp */ = {isa = PBXFileReference; fileEncoding = 4; lastKnownFileType = sourcecode.cpp.cpp; path = bigint.cpp; sourceTree = "<group>"; };
		4A2D68EA18EDD8F200E94FE3 /* bigint.h */ = {isa = PBXFileReference; fileEncoding = 4; lastKnownFileType = sourcecode.c.h; path = bigint.h; sourceTree = "<group>"; };
/* End PBXFileReference section */

/* Begin PBXFrameworksBuildPhase section */
		4A2D68D918EDD8C100E94FE3 /* Frameworks */ = {
			isa = PBXFrameworksBuildPhase;
			buildActionMask = 2147483647;
			files = (
			);
			runOnlyForDeploymentPostprocessing = 0;
		};
/* End PBXFrameworksBuildPhase section */

/* Begin PBXGroup section */
		4A2D68D318EDD8C100E94FE3 = {
			isa = PBXGroup;
			children = (
				4A2D68E418EDD8D500E94FE3 /* src */,
				4A2D68E318EDD8CE00E94FE3 /* include */,
				4A2D68DD18EDD8C100E94FE3 /* Products */,
			);
			sourceTree = "<group>";
		};
		4A2D68DD18EDD8C100E94FE3 /* Products */ = {
			isa = PBXGroup;
			children = (
				4A2D68DC18EDD8C100E94FE3 /* liblibbig.dylib */,
			);
			name = Products;
			sourceTree = "<group>";
		};
		4A2D68E318EDD8CE00E94FE3 /* include */ = {
			isa = PBXGroup;
			children = (
				4A2D68E918EDD8F200E94FE3 /* bigint.cpp */,
			);
			name = include;
			sourceTree = "<group>";
		};
		4A2D68E418EDD8D500E94FE3 /* src */ = {
			isa = PBXGroup;
			children = (
				4A2D68EA18EDD8F200E94FE3 /* bigint.h */,
			);
			name = src;
			sourceTree = "<group>";
		};
/* End PBXGroup section */

/* Begin PBXHeadersBuildPhase section */
		4A2D68DA18EDD8C100E94FE3 /* Headers */ = {
			isa = PBXHeadersBuildPhase;
			buildActionMask = 2147483647;
			files = (
			);
			runOnlyForDeploymentPostprocessing = 0;
		};
/* End PBXHeadersBuildPhase section */

/* Begin PBXNativeTarget section */
		4A2D68DB18EDD8C100E94FE3 /* libbig */ = {
			isa = PBXNativeTarget;
			buildConfigurationList = 4A2D68E018EDD8C100E94FE3 /* Build configuration list for PBXNativeTarget "libbig" */;
			buildPhases = (
				4A2D68D818EDD8C100E94FE3 /* Sources */,
				4A2D68D918EDD8C100E94FE3 /* Frameworks */,
				4A2D68DA18EDD8C100E94FE3 /* Headers */,
			);
			buildRules = (
			);
			dependencies = (
			);
			name = libbig;
			productName = libbig;
			productReference = 4A2D68DC18EDD8C100E94FE3 /* liblibbig.dylib */;
			productType = "com.apple.product-type.library.dynamic";
		};
/* End PBXNativeTarget section */

/* Begin PBXProject section */
		4A2D68D418EDD8C100E94FE3 /* Project object */ = {
			isa = PBXProject;
			attributes = {
				LastUpgradeCheck = 0510;
				ORGANIZATIONNAME = "Ethan Laur";
			};
			buildConfigurationList = 4A2D68D718EDD8C100E94FE3 /* Build configuration list for PBXProject "libbig" */;
			compatibilityVersion = "Xcode 3.2";
			developmentRegion = English;
			hasScannedForEncodings = 0;
			knownRegions = (
				en,
			);
			mainGroup = 4A2D68D318EDD8C100E94FE3;
			productRefGroup = 4A2D68DD18EDD8C100E94FE3 /* Products */;
			projectDirPath = "";
			projectRoot = "";
			targets = (
				4A2D68DB18EDD8C100E94FE3 /* libbig */,
			);
		};
/* End PBXProject section */

/* Begin PBXSourcesBuildPhase section */
		4A2D68D818EDD8C100E94FE3 /* Sources */ = {
			isa = PBXSourcesBuildPhase;
			buildActionMask = 2147483647;
			files = (
				4A2D68EB18EDD8F200E94FE3 /* bigint.cpp in Sources */,
			);
			runOnlyForDeploymentPostprocessing = 0;
		};
/* End PBXSourcesBuildPhase section */

/* Begin XCBuildConfiguration section */
		4A2D68DE18EDD8C100E94FE3 /* Debug */ = {
			isa = XCBuildConfiguration;
			buildSettings = {
				ALWAYS_SEARCH_USER_PATHS = NO;
				CLANG_CXX_LANGUAGE_STANDARD = "gnu++0x";
				CLANG_CXX_LIBRARY = "libc++";
				CLANG_ENABLE_OBJC_ARC = YES;
				CLANG_WARN_BOOL_CONVERSION = YES;
				CLANG_WARN_CONSTANT_CONVERSION = YES;
				CLANG_WARN_DIRECT_OBJC_ISA_USAGE = YES_ERROR;
				CLANG_WARN_EMPTY_BODY = YES;
				CLANG_WARN_ENUM_CONVERSION = YES;
				CLANG_WARN_INT_CONVERSION = YES;
				CLANG_WARN_OBJC_ROOT_CLASS = YES_ERROR;
				CLANG_WARN__DUPLICATE_METHOD_MATCH = YES;
				COPY_PHASE_STRIP = NO;
				GCC_C_LANGUAGE_STANDARD = gnu99;
				GCC_DYNAMIC_NO_PIC = NO;
				GCC_ENABLE_OBJC_EXCEPTIONS = YES;
				GCC_OPTIMIZATION_LEVEL = 0;
				GCC_PREPROCESSOR_DEFINITIONS = (
					"DEBUG=1",
					"$(inherited)",
				);
				GCC_SYMBOLS_PRIVATE_EXTERN = NO;
				GCC_WARN_64_TO_32_BIT_CONVERSION = YES;
				GCC_WARN_ABOUT_RETURN_TYPE = YES_ERROR;
				GCC_WARN_UNDECLARED_SELECTOR = YES;
				GCC_WARN_UNINITIALIZED_AUTOS = YES_AGGRESSIVE;
				GCC_WARN_UNUSED_FUNCTION = YES;
				GCC_WARN_UNUSED_VARIABLE = YES;
				MACOSX_DEPLOYMENT_TARGET = 10.9;
				ONLY_ACTIVE_ARCH = YES;
				SDKROOT = macosx;
			};
			name = Debug;
		};
		4A2D68DF18EDD8C100E94FE3 /* Release */ = {
			isa = XCBuildConfiguration;
			buildSettings = {
				ALWAYS_SEARCH_USER_PATHS = NO;
				CLANG_CXX_LANGUAGE_STANDARD = "gnu++0x";
				CLANG_CXX_LIBRARY = "libc++";
				CLANG_ENABLE_OBJC_ARC = YES;
				CLANG_WARN_BOOL_CONVERSION = YES;
				CLANG_WARN_CONSTANT_CONVERSION = YES;
				CLANG_WARN_DIRECT_OBJC_ISA_USAGE = YES_ERROR;
				CLANG_WARN_EMPTY_BODY = YES;
				CLANG_WARN_ENUM_CONVERSION = YES;
				CLANG_WARN_INT_CONVERSION = YES;
				CLANG_WARN_OBJC_ROOT_CLASS = YES_ERROR;
				CLANG_WARN__DUPLICATE_METHOD_MATCH = YES;
				COPY_PHASE_STRIP = YES;
				DEBUG_INFORMATION_FORMAT = "dwarf-with-dsym";
				ENABLE_NS_ASSERTIONS = NO;
				GCC_C_LANGUAGE_STANDARD = gnu99;
				GCC_ENABLE_OBJC_EXCEPTIONS = YES;
				GCC_WARN_64_TO_32_BIT_CONVERSION = YES;
				GCC_WARN_ABOUT_RETURN_TYPE = YES_ERROR;
				GCC_WARN_UNDECLARED_SELECTOR = YES;
				GCC_WARN_UNINITIALIZED_AUTOS = YES_AGGRESSIVE;
				GCC_WARN_UNUSED_FUNCTION = YES;
				GCC_WARN_UNUSED_VARIABLE = YES;
				MACOSX_DEPLOYMENT_TARGET = 10.9;
				SDKROOT = macosx;
			};
			name = Release;
		};
		4A2D68E118EDD8C100E94FE3 /* Debug */ = {
			isa = XCBuildConfiguration;
			buildSettings = {
				EXECUTABLE_PREFIX = lib;
				PRODUCT_NAME = "$(TARGET_NAME)";
			};
			name = Debug;
		};
		4A2D68E218EDD8C100E94FE3 /* Release */ = {
			isa = XCBuildConfiguration;
			buildSettings = {
				EXECUTABLE_PREFIX = lib;
				PRODUCT_NAME = "$(TARGET_NAME)";
			};
			name = Release;
		};
/* End XCBuildConfiguration section */

/* Begin XCConfigurationList section */
		4A2D68D718EDD8C100E94FE3 /* Build configuration list for PBXProject "libbig" */ = {
			isa = XCConfigurationList;
			buildConfigurations = (
				4A2D68DE18EDD8C100E94FE3 /* Debug */,
				4A2D68DF18EDD8C100E94FE3 /* Release */,
			);
			defaultConfigurationIsVisible = 0;
			defaultConfigurationName = Release;
		};
		4A2D68E018EDD8C100E94FE3 /* Build configuration list for PBXNativeTarget "libbig" */ = {
			isa = XCConfigurationList;
			buildConfigurations = (
				4A2D68E118EDD8C100E94FE3 /* Debug */,
				4A2D68E218EDD8C100E94FE3 /* Release */,
			);
			defaultConfigurationIsVisible = 0;
			defaultConfigurationName = Release;
		};
/* End XCConfigurationList section */
	};
	rootObject = 4A2D68D418EDD8C100E94FE3 /* Project object */;
}
